
Microsoft Visual Studio Solution File, Format Version 12.00
# Visual Studio Version 17
VisualStudioVersion = 17.7.34003.232
MinimumVisualStudioVersion = 10.0.40219.1
Project("{2150E333-8FDC-42A3-9474-1A3956D46DE8}") = "TestingNet7", "TestingNet7", "{E5FDB38C-1C27-4F15-B44B-889B74CF71A3}"
EndProject
Project("{2150E333-8FDC-42A3-9474-1A3956D46DE8}") = "TestingNet8", "TestingNet8", "{423DCC1E-F882-4B2A-B249-3A77BC30C504}"
EndProject
Project("{2150E333-8FDC-42A3-9474-1A3956D46DE8}") = "TestingNet6", "TestingNet6", "{934E63AF-4EF9-404F-B70F-6944BF22EB9D}"
EndProject
Project("{2150E333-8FDC-42A3-9474-1A3956D46DE8}") = "Console", "Console", "{4D7EF0D8-7AA3-4365-BA11-5ABA281C38D5}"
EndProject
Project("{2150E333-8FDC-42A3-9474-1A3956D46DE8}") = "Api", "Api", "{B8C6731F-67EC-47DE-928A-83C9F598BDAB}"
EndProject
Project("{2150E333-8FDC-42A3-9474-1A3956D46DE8}") = "Api", "Api", "{3DFC7969-B1B6-44CD-BAAD-EC8F5BC5D6BF}"
EndProject
Project("{2150E333-8FDC-42A3-9474-1A3956D46DE8}") = "Console", "Console", "{95423680-4018-47FD-9DF1-6E0E6973F928}"
EndProject
Project("{2150E333-8FDC-42A3-9474-1A3956D46DE8}") = "Api", "Api", "{5A5809DD-A54C-4A67-9950-599A938C1725}"
EndProject
Project("{2150E333-8FDC-42A3-9474-1A3956D46DE8}") = "Console", "Console", "{D713DC02-D5BE-4461-A98C-BDDA4B5F3A9C}"
EndProject
Project("{FAE04EC0-301F-11D3-BF4B-00C04F79EFBC}") = "Testing.Net6.Console.PDF", "Testing.Net6.Console.PDF\Testing.Net6.Console.PDF.csproj", "{A9500003-3C28-45CB-AA63-16C9F4D1161C}"
EndProject
Global
	GlobalSection(SolutionConfigurationPlatforms) = preSolution
		Debug|Any CPU = Debug|Any CPU
		Release|Any CPU = Release|Any CPU
	EndGlobalSection
	GlobalSection(ProjectConfigurationPlatforms) = postSolution
		{A9500003-3C28-45CB-AA63-16C9F4D1161C}.Debug|Any CPU.ActiveCfg = Debug|Any CPU
		{A9500003-3C28-45CB-AA63-16C9F4D1161C}.Debug|Any CPU.Build.0 = Debug|Any CPU
		{A9500003-3C28-45CB-AA63-16C9F4D1161C}.Release|Any CPU.ActiveCfg = Release|Any CPU
		{A9500003-3C28-45CB-AA63-16C9F4D1161C}.Release|Any CPU.Build.0 = Release|Any CPU
	EndGlobalSection
	GlobalSection(SolutionProperties) = preSolution
		HideSolutionNode = FALSE
	EndGlobalSection
	GlobalSection(NestedProjects) = preSolution
		{4D7EF0D8-7AA3-4365-BA11-5ABA281C38D5} = {934E63AF-4EF9-404F-B70F-6944BF22EB9D}
		{B8C6731F-67EC-47DE-928A-83C9F598BDAB} = {934E63AF-4EF9-404F-B70F-6944BF22EB9D}
		{3DFC7969-B1B6-44CD-BAAD-EC8F5BC5D6BF} = {E5FDB38C-1C27-4F15-B44B-889B74CF71A3}
		{95423680-4018-47FD-9DF1-6E0E6973F928} = {E5FDB38C-1C27-4F15-B44B-889B74CF71A3}
		{5A5809DD-A54C-4A67-9950-599A938C1725} = {423DCC1E-F882-4B2A-B249-3A77BC30C504}
		{D713DC02-D5BE-4461-A98C-BDDA4B5F3A9C} = {423DCC1E-F882-4B2A-B249-3A77BC30C504}
		{A9500003-3C28-45CB-AA63-16C9F4D1161C} = {4D7EF0D8-7AA3-4365-BA11-5ABA281C38D5}
	EndGlobalSection
	GlobalSection(ExtensibilityGlobals) = postSolution
		SolutionGuid = {B388B370-73D1-4B42-922D-AF4FEC021521}
	EndGlobalSection
EndGlobal
